
Microsoft Visual Studio Solution File, Format Version 12.00
# Visual Studio 15
VisualStudioVersion = 15.0.27004.2002
MinimumVisualStudioVersion = 10.0.40219.1
Project("{FAE04EC0-301F-11D3-BF4B-00C04F79EFBC}") = "Juomaro", "Juomaro\Juomaro.csproj", "{78153BBE-DF2F-4149-AA54-65A83A94F4BA}"
EndProject
Global
	GlobalSection(SolutionConfigurationPlatforms) = preSolution
		Debug|Any CPU = Debug|Any CPU
		Release|Any CPU = Release|Any CPU
	EndGlobalSection
	GlobalSection(ProjectConfigurationPlatforms) = postSolution
		{78153BBE-DF2F-4149-AA54-65A83A94F4BA}.Debug|Any CPU.ActiveCfg = Debug|Any CPU
		{78153BBE-DF2F-4149-AA54-65A83A94F4BA}.Debug|Any CPU.Build.0 = Debug|Any CPU
		{78153BBE-DF2F-4149-AA54-65A83A94F4BA}.Release|Any CPU.ActiveCfg = Release|Any CPU
		{78153BBE-DF2F-4149-AA54-65A83A94F4BA}.Release|Any CPU.Build.0 = Release|Any CPU
	EndGlobalSection
	GlobalSection(SolutionProperties) = preSolution
		HideSolutionNode = FALSE
	EndGlobalSection
	GlobalSection(ExtensibilityGlobals) = postSolution
		SolutionGuid = {73A7A8F5-FEF4-4C89-9F75-B7234102ACD0}
	EndGlobalSection
EndGlobal
